// !$*UTF8*$!
{
	archiveVersion = 1;
	classes = {
	};
	objectVersion = 77;
	objects = {

/* Begin PBXContainerItemProxy section */
		8D5051AE2D6168AC00CB3AA4 /* PBXContainerItemProxy */ = {
			isa = PBXContainerItemProxy;
			containerPortal = 8DDA7EC22D5E7A3E00C57DD6 /* Project object */;
			proxyType = 1;
			remoteGlobalIDString = 8DDA7EC92D5E7A3E00C57DD6;
			remoteInfo = OuluBankR1;
		};
		8DDA7EE32D5E7A6400C57DD6 /* PBXContainerItemProxy */ = {
			isa = PBXContainerItemProxy;
			containerPortal = 8DDA7EC22D5E7A3E00C57DD6 /* Project object */;
			proxyType = 1;
			remoteGlobalIDString = 8DDA7EC92D5E7A3E00C57DD6;
			remoteInfo = OuluBankR1;
		};
/* End PBXContainerItemProxy section */

/* Begin PBXFileReference section */
		8D5051A82D6168AC00CB3AA4 /* OuluBankR1UITests.xctest */ = {isa = PBXFileReference; explicitFileType = wrapper.cfbundle; includeInIndex = 0; path = OuluBankR1UITests.xctest; sourceTree = BUILT_PRODUCTS_DIR; };
		8DDA7ECA2D5E7A3E00C57DD6 /* OuluBankR1.app */ = {isa = PBXFileReference; explicitFileType = wrapper.application; includeInIndex = 0; path = OuluBankR1.app; sourceTree = BUILT_PRODUCTS_DIR; };
		8DDA7EDF2D5E7A6400C57DD6 /* OuluBankR1Tests.xctest */ = {isa = PBXFileReference; explicitFileType = wrapper.cfbundle; includeInIndex = 0; path = OuluBankR1Tests.xctest; sourceTree = BUILT_PRODUCTS_DIR; };
/* End PBXFileReference section */

/* Begin PBXFileSystemSynchronizedRootGroup section */
		8D5051A92D6168AC00CB3AA4 /* OuluBankR1UITests */ = {
			isa = PBXFileSystemSynchronizedRootGroup;
			path = OuluBankR1UITests;
			sourceTree = "<group>";
		};
		8DDA7ECC2D5E7A3E00C57DD6 /* OuluBankR1 */ = {
			isa = PBXFileSystemSynchronizedRootGroup;
			path = OuluBankR1;
			sourceTree = "<group>";
		};
		8DDA7EE02D5E7A6400C57DD6 /* OuluBankR1Tests */ = {
			isa = PBXFileSystemSynchronizedRootGroup;
			path = OuluBankR1Tests;
			sourceTree = "<group>";
		};
/* End PBXFileSystemSynchronizedRootGroup section */

/* Begin PBXFrameworksBuildPhase section */
		8D5051A52D6168AC00CB3AA4 /* Frameworks */ = {
			isa = PBXFrameworksBuildPhase;
			buildActionMask = 2147483647;
			files = (
			);
			runOnlyForDeploymentPostprocessing = 0;
		};
		8DDA7EC72D5E7A3E00C57DD6 /* Frameworks */ = {
			isa = PBXFrameworksBuildPhase;
			buildActionMask = 2147483647;
			files = (
			);
			runOnlyForDeploymentPostprocessing = 0;
		};
		8DDA7EDC2D5E7A6400C57DD6 /* Frameworks */ = {
			isa = PBXFrameworksBuildPhase;
			buildActionMask = 2147483647;
			files = (
			);
			runOnlyForDeploymentPostprocessing = 0;
		};
/* End PBXFrameworksBuildPhase section */

/* Begin PBXGroup section */
		8DDA7EC12D5E7A3E00C57DD6 = {
			isa = PBXGroup;
			children = (
				8DDA7ECC2D5E7A3E00C57DD6 /* OuluBankR1 */,
				8DDA7EE02D5E7A6400C57DD6 /* OuluBankR1Tests */,
				8D5051A92D6168AC00CB3AA4 /* OuluBankR1UITests */,
				8DDA7ECB2D5E7A3E00C57DD6 /* Products */,
			);
			sourceTree = "<group>";
		};
		8DDA7ECB2D5E7A3E00C57DD6 /* Products */ = {
			isa = PBXGroup;
			children = (
				8DDA7ECA2D5E7A3E00C57DD6 /* OuluBankR1.app */,
				8DDA7EDF2D5E7A6400C57DD6 /* OuluBankR1Tests.xctest */,
				8D5051A82D6168AC00CB3AA4 /* OuluBankR1UITests.xctest */,
			);
			name = Products;
			sourceTree = "<group>";
		};
/* End PBXGroup section */

/* Begin PBXNativeTarget section */
		8D5051A72D6168AC00CB3AA4 /* OuluBankR1UITests */ = {
			isa = PBXNativeTarget;
			buildConfigurationList = 8D5051B02D6168AC00CB3AA4 /* Build configuration list for PBXNativeTarget "OuluBankR1UITests" */;
			buildPhases = (
				8D5051A42D6168AC00CB3AA4 /* Sources */,
				8D5051A52D6168AC00CB3AA4 /* Frameworks */,
				8D5051A62D6168AC00CB3AA4 /* Resources */,
			);
			buildRules = (
			);
			dependencies = (
				8D5051AF2D6168AC00CB3AA4 /* PBXTargetDependency */,
			);
			fileSystemSynchronizedGroups = (
				8D5051A92D6168AC00CB3AA4 /* OuluBankR1UITests */,
			);
			name = OuluBankR1UITests;
			packageProductDependencies = (
			);
			productName = OuluBankR1UITests;
			productReference = 8D5051A82D6168AC00CB3AA4 /* OuluBankR1UITests.xctest */;
			productType = "com.apple.product-type.bundle.ui-testing";
		};
		8DDA7EC92D5E7A3E00C57DD6 /* OuluBankR1 */ = {
			isa = PBXNativeTarget;
			buildConfigurationList = 8DDA7ED82D5E7A4000C57DD6 /* Build configuration list for PBXNativeTarget "OuluBankR1" */;
			buildPhases = (
				8DDA7EC62D5E7A3E00C57DD6 /* Sources */,
				8DDA7EC72D5E7A3E00C57DD6 /* Frameworks */,
				8DDA7EC82D5E7A3E00C57DD6 /* Resources */,
			);
			buildRules = (
			);
			dependencies = (
			);
			fileSystemSynchronizedGroups = (
				8DDA7ECC2D5E7A3E00C57DD6 /* OuluBankR1 */,
			);
			name = OuluBankR1;
			packageProductDependencies = (
			);
			productName = OuluBankR1;
			productReference = 8DDA7ECA2D5E7A3E00C57DD6 /* OuluBankR1.app */;
			productType = "com.apple.product-type.application";
		};
		8DDA7EDE2D5E7A6400C57DD6 /* OuluBankR1Tests */ = {
			isa = PBXNativeTarget;
			buildConfigurationList = 8DDA7EE52D5E7A6400C57DD6 /* Build configuration list for PBXNativeTarget "OuluBankR1Tests" */;
			buildPhases = (
				8DDA7EDB2D5E7A6400C57DD6 /* Sources */,
				8DDA7EDC2D5E7A6400C57DD6 /* Frameworks */,
				8DDA7EDD2D5E7A6400C57DD6 /* Resources */,
			);
			buildRules = (
			);
			dependencies = (
				8DDA7EE42D5E7A6400C57DD6 /* PBXTargetDependency */,
			);
			fileSystemSynchronizedGroups = (
				8DDA7EE02D5E7A6400C57DD6 /* OuluBankR1Tests */,
			);
			name = OuluBankR1Tests;
			packageProductDependencies = (
			);
			productName = OuluBankR1Tests;
			productReference = 8DDA7EDF2D5E7A6400C57DD6 /* OuluBankR1Tests.xctest */;
			productType = "com.apple.product-type.bundle.unit-test";
		};
/* End PBXNativeTarget section */

/* Begin PBXProject section */
		8DDA7EC22D5E7A3E00C57DD6 /* Project object */ = {
			isa = PBXProject;
			attributes = {
				BuildIndependentTargetsInParallel = 1;
				LastSwiftUpdateCheck = 1600;
				LastUpgradeCheck = 1600;
				TargetAttributes = {
					8D5051A72D6168AC00CB3AA4 = {
						CreatedOnToolsVersion = 16.0;
						TestTargetID = 8DDA7EC92D5E7A3E00C57DD6;
					};
					8DDA7EC92D5E7A3E00C57DD6 = {
						CreatedOnToolsVersion = 16.0;
					};
					8DDA7EDE2D5E7A6400C57DD6 = {
						CreatedOnToolsVersion = 16.0;
						TestTargetID = 8DDA7EC92D5E7A3E00C57DD6;
					};
				};
			};
			buildConfigurationList = 8DDA7EC52D5E7A3E00C57DD6 /* Build configuration list for PBXProject "OuluBankR1" */;
			developmentRegion = en;
			hasScannedForEncodings = 0;
			knownRegions = (
				en,
				Base,
			);
			mainGroup = 8DDA7EC12D5E7A3E00C57DD6;
			minimizedProjectReferenceProxies = 1;
			preferredProjectObjectVersion = 77;
			productRefGroup = 8DDA7ECB2D5E7A3E00C57DD6 /* Products */;
			projectDirPath = "";
			projectRoot = "";
			targets = (
				8DDA7EC92D5E7A3E00C57DD6 /* OuluBankR1 */,
				8DDA7EDE2D5E7A6400C57DD6 /* OuluBankR1Tests */,
				8D5051A72D6168AC00CB3AA4 /* OuluBankR1UITests */,
			);
		};
/* End PBXProject section */

/* Begin PBXResourcesBuildPhase section */
		8D5051A62D6168AC00CB3AA4 /* Resources */ = {
			isa = PBXResourcesBuildPhase;
			buildActionMask = 2147483647;
			files = (
			);
			runOnlyForDeploymentPostprocessing = 0;
		};
		8DDA7EC82D5E7A3E00C57DD6 /* Resources */ = {
			isa = PBXResourcesBuildPhase;
			buildActionMask = 2147483647;
			files = (
			);
			runOnlyForDeploymentPostprocessing = 0;
		};
		8DDA7EDD2D5E7A6400C57DD6 /* Resources */ = {
			isa = PBXResourcesBuildPhase;
			buildActionMask = 2147483647;
			files = (
			);
			runOnlyForDeploymentPostprocessing = 0;
		};
/* End PBXResourcesBuildPhase section */

/* Begin PBXSourcesBuildPhase section */
		8D5051A42D6168AC00CB3AA4 /* Sources */ = {
			isa = PBXSourcesBuildPhase;
			buildActionMask = 2147483647;
			files = (
			);
			runOnlyForDeploymentPostprocessing = 0;
		};
		8DDA7EC62D5E7A3E00C57DD6 /* Sources */ = {
			isa = PBXSourcesBuildPhase;
			buildActionMask = 2147483647;
			files = (
			);
			runOnlyForDeploymentPostprocessing = 0;
		};
		8DDA7EDB2D5E7A6400C57DD6 /* Sources */ = {
			isa = PBXSourcesBuildPhase;
			buildActionMask = 2147483647;
			files = (
			);
			runOnlyForDeploymentPostprocessing = 0;
		};
/* End PBXSourcesBuildPhase section */

/* Begin PBXTargetDependency section */
		8D5051AF2D6168AC00CB3AA4 /* PBXTargetDependency */ = {
			isa = PBXTargetDependency;
			target = 8DDA7EC92D5E7A3E00C57DD6 /* OuluBankR1 */;
			targetProxy = 8D5051AE2D6168AC00CB3AA4 /* PBXContainerItemProxy */;
		};
		8DDA7EE42D5E7A6400C57DD6 /* PBXTargetDependency */ = {
			isa = PBXTargetDependency;
			target = 8DDA7EC92D5E7A3E00C57DD6 /* OuluBankR1 */;
			targetProxy = 8DDA7EE32D5E7A6400C57DD6 /* PBXContainerItemProxy */;
		};
/* End PBXTargetDependency section */

/* Begin XCBuildConfiguration section */
		8D5051B12D6168AC00CB3AA4 /* Debug */ = {
			isa = XCBuildConfiguration;
			buildSettings = {
				CODE_SIGN_STYLE = Automatic;
				CURRENT_PROJECT_VERSION = 1;
				DEVELOPMENT_TEAM = B2Q8EGNCQA;
				GENERATE_INFOPLIST_FILE = YES;
				MARKETING_VERSION = 1.0;
				PRODUCT_BUNDLE_IDENTIFIER = com.azamsharp.OuluBankR1UITests;
				PRODUCT_NAME = "$(TARGET_NAME)";
				SWIFT_EMIT_LOC_STRINGS = NO;
				SWIFT_VERSION = 5.0;
				TARGETED_DEVICE_FAMILY = "1,2";
				TEST_TARGET_NAME = OuluBankR1;
			};
			name = Debug;
		};
		8D5051B22D6168AC00CB3AA4 /* Release */ = {
			isa = XCBuildConfiguration;
			buildSettings = {
				CODE_SIGN_STYLE = Automatic;
				CURRENT_PROJECT_VERSION = 1;
				DEVELOPMENT_TEAM = B2Q8EGNCQA;
				GENERATE_INFOPLIST_FILE = YES;
				MARKETING_VERSION = 1.0;
				PRODUCT_BUNDLE_IDENTIFIER = com.azamsharp.OuluBankR1UITests;
				PRODUCT_NAME = "$(TARGET_NAME)";
				SWIFT_EMIT_LOC_STRINGS = NO;
				SWIFT_VERSION = 5.0;
				TARGETED_DEVICE_FAMILY = "1,2";
				TEST_TARGET_NAME = OuluBankR1;
			};
			name = Release;
		};
		8DDA7ED62D5E7A4000C57DD6 /* Debug */ = {
			isa = XCBuildConfiguration;
			buildSettings = {
				ALWAYS_SEARCH_USER_PATHS = NO;
				ASSETCATALOG_COMPILER_GENERATE_SWIFT_ASSET_SYMBOL_EXTENSIONS = YES;
				CLANG_ANALYZER_NONNULL = YES;
				CLANG_ANALYZER_NUMBER_OBJECT_CONVERSION = YES_AGGRESSIVE;
				CLANG_CXX_LANGUAGE_STANDARD = "gnu++20";
				CLANG_ENABLE_MODULES = YES;
				CLANG_ENABLE_OBJC_ARC = YES;
				CLANG_ENABLE_OBJC_WEAK = YES;
				CLANG_WARN_BLOCK_CAPTURE_AUTORELEASING = YES;
				CLANG_WARN_BOOL_CONVERSION = YES;
				CLANG_WARN_COMMA = YES;
				CLANG_WARN_CONSTANT_CONVERSION = YES;
				CLANG_WARN_DEPRECATED_OBJC_IMPLEMENTATIONS = YES;
				CLANG_WARN_DIRECT_OBJC_ISA_USAGE = YES_ERROR;
				CLANG_WARN_DOCUMENTATION_COMMENTS = YES;
				CLANG_WARN_EMPTY_BODY = YES;
				CLANG_WARN_ENUM_CONVERSION = YES;
				CLANG_WARN_INFINITE_RECURSION = YES;
				CLANG_WARN_INT_CONVERSION = YES;
				CLANG_WARN_NON_LITERAL_NULL_CONVERSION = YES;
				CLANG_WARN_OBJC_IMPLICIT_RETAIN_SELF = YES;
				CLANG_WARN_OBJC_LITERAL_CONVERSION = YES;
				CLANG_WARN_OBJC_ROOT_CLASS = YES_ERROR;
				CLANG_WARN_QUOTED_INCLUDE_IN_FRAMEWORK_HEADER = YES;
				CLANG_WARN_RANGE_LOOP_ANALYSIS = YES;
				CLANG_WARN_STRICT_PROTOTYPES = YES;
				CLANG_WARN_SUSPICIOUS_MOVE = YES;
				CLANG_WARN_UNGUARDED_AVAILABILITY = YES_AGGRESSIVE;
				CLANG_WARN_UNREACHABLE_CODE = YES;
				CLANG_WARN__DUPLICATE_METHOD_MATCH = YES;
				COPY_PHASE_STRIP = NO;
				DEBUG_INFORMATION_FORMAT = dwarf;
				ENABLE_STRICT_OBJC_MSGSEND = YES;
				ENABLE_TESTABILITY = YES;
				ENABLE_USER_SCRIPT_SANDBOXING = YES;
				GCC_C_LANGUAGE_STANDARD = gnu17;
				GCC_DYNAMIC_NO_PIC = NO;
				GCC_NO_COMMON_BLOCKS = YES;
				GCC_OPTIMIZATION_LEVEL = 0;
				GCC_PREPROCESSOR_DEFINITIONS = (
					"DEBUG=1",
					"$(inherited)",
				);
				GCC_WARN_64_TO_32_BIT_CONVERSION = YES;
				GCC_WARN_ABOUT_RETURN_TYPE = YES_ERROR;
				GCC_WARN_UNDECLARED_SELECTOR = YES;
				GCC_WARN_UNINITIALIZED_AUTOS = YES_AGGRESSIVE;
				GCC_WARN_UNUSED_FUNCTION = YES;
				GCC_WARN_UNUSED_VARIABLE = YES;
				IPHONEOS_DEPLOYMENT_TARGET = 18.0;
				LOCALIZATION_PREFERS_STRING_CATALOGS = YES;
				MTL_ENABLE_DEBUG_INFO = INCLUDE_SOURCE;
				MTL_FAST_MATH = YES;
				ONLY_ACTIVE_ARCH = YES;
				SDKROOT = iphoneos;
				SWIFT_ACTIVE_COMPILATION_CONDITIONS = "DEBUG $(inherited)";
				SWIFT_OPTIMIZATION_LEVEL = "-Onone";
			};
			name = Debug;
		};
		8DDA7ED72D5E7A4000C57DD6 /* Release */ = {
			isa = XCBuildConfiguration;
			buildSettings = {
				ALWAYS_SEARCH_USER_PATHS = NO;
				ASSETCATALOG_COMPILER_GENERATE_SWIFT_ASSET_SYMBOL_EXTENSIONS = YES;
				CLANG_ANALYZER_NONNULL = YES;
				CLANG_ANALYZER_NUMBER_OBJECT_CONVERSION = YES_AGGRESSIVE;
				CLANG_CXX_LANGUAGE_STANDARD = "gnu++20";
				CLANG_ENABLE_MODULES = YES;
				CLANG_ENABLE_OBJC_ARC = YES;
				CLANG_ENABLE_OBJC_WEAK = YES;
				CLANG_WARN_BLOCK_CAPTURE_AUTORELEASING = YES;
				CLANG_WARN_BOOL_CONVERSION = YES;
				CLANG_WARN_COMMA = YES;
				CLANG_WARN_CONSTANT_CONVERSION = YES;
				CLANG_WARN_DEPRECATED_OBJC_IMPLEMENTATIONS = YES;
				CLANG_WARN_DIRECT_OBJC_ISA_USAGE = YES_ERROR;
				CLANG_WARN_DOCUMENTATION_COMMENTS = YES;
				CLANG_WARN_EMPTY_BODY = YES;
				CLANG_WARN_ENUM_CONVERSION = YES;
				CLANG_WARN_INFINITE_RECURSION = YES;
				CLANG_WARN_INT_CONVERSION = YES;
				CLANG_WARN_NON_LITERAL_NULL_CONVERSION = YES;
				CLANG_WARN_OBJC_IMPLICIT_RETAIN_SELF = YES;
				CLANG_WARN_OBJC_LITERAL_CONVERSION = YES;
				CLANG_WARN_OBJC_ROOT_CLASS = YES_ERROR;
				CLANG_WARN_QUOTED_INCLUDE_IN_FRAMEWORK_HEADER = YES;
				CLANG_WARN_RANGE_LOOP_ANALYSIS = YES;
				CLANG_WARN_STRICT_PROTOTYPES = YES;
				CLANG_WARN_SUSPICIOUS_MOVE = YES;
				CLANG_WARN_UNGUARDED_AVAILABILITY = YES_AGGRESSIVE;
				CLANG_WARN_UNREACHABLE_CODE = YES;
				CLANG_WARN__DUPLICATE_METHOD_MATCH = YES;
				COPY_PHASE_STRIP = NO;
				DEBUG_INFORMATION_FORMAT = "dwarf-with-dsym";
				ENABLE_NS_ASSERTIONS = NO;
				ENABLE_STRICT_OBJC_MSGSEND = YES;
				ENABLE_USER_SCRIPT_SANDBOXING = YES;
				GCC_C_LANGUAGE_STANDARD = gnu17;
				GCC_NO_COMMON_BLOCKS = YES;
				GCC_WARN_64_TO_32_BIT_CONVERSION = YES;
				GCC_WARN_ABOUT_RETURN_TYPE = YES_ERROR;
				GCC_WARN_UNDECLARED_SELECTOR = YES;
				GCC_WARN_UNINITIALIZED_AUTOS = YES_AGGRESSIVE;
				GCC_WARN_UNUSED_FUNCTION = YES;
				GCC_WARN_UNUSED_VARIABLE = YES;
				IPHONEOS_DEPLOYMENT_TARGET = 18.0;
				LOCALIZATION_PREFERS_STRING_CATALOGS = YES;
				MTL_ENABLE_DEBUG_INFO = NO;
				MTL_FAST_MATH = YES;
				SDKROOT = iphoneos;
				SWIFT_COMPILATION_MODE = wholemodule;
				VALIDATE_PRODUCT = YES;
			};
			name = Release;
		};
		8DDA7ED92D5E7A4000C57DD6 /* Debug */ = {
			isa = XCBuildConfiguration;
			buildSettings = {
				ASSETCATALOG_COMPILER_APPICON_NAME = AppIcon;
				ASSETCATALOG_COMPILER_GLOBAL_ACCENT_COLOR_NAME = AccentColor;
				CODE_SIGN_STYLE = Automatic;
				CURRENT_PROJECT_VERSION = 1;
				DEVELOPMENT_ASSET_PATHS = "\"OuluBankR1/Preview Content\"";
				DEVELOPMENT_TEAM = 56F54J4H3N;
				ENABLE_PREVIEWS = YES;
				GENERATE_INFOPLIST_FILE = YES;
				INFOPLIST_KEY_CFBundleDisplayName = BankMe;
				INFOPLIST_KEY_UIApplicationSceneManifest_Generation = YES;
				INFOPLIST_KEY_UIApplicationSupportsIndirectInputEvents = YES;
				INFOPLIST_KEY_UILaunchScreen_Generation = YES;
				INFOPLIST_KEY_UISupportedInterfaceOrientations_iPad = "UIInterfaceOrientationPortrait UIInterfaceOrientationPortraitUpsideDown UIInterfaceOrientationLandscapeLeft UIInterfaceOrientationLandscapeRight";
				INFOPLIST_KEY_UISupportedInterfaceOrientations_iPhone = "UIInterfaceOrientationPortrait UIInterfaceOrientationLandscapeLeft UIInterfaceOrientationLandscapeRight";
				LD_RUNPATH_SEARCH_PATHS = (
					"$(inherited)",
					"@executable_path/Frameworks",
				);
				MARKETING_VERSION = 1.0;
				PRODUCT_BUNDLE_IDENTIFIER = com.mss.BankMe;
				PRODUCT_NAME = "$(TARGET_NAME)";
				SWIFT_EMIT_LOC_STRINGS = YES;
				SWIFT_VERSION = 5.0;
				TARGETED_DEVICE_FAMILY = "1,2";
			};
			name = Debug;
		};
		8DDA7EDA2D5E7A4000C57DD6 /* Release */ = {
			isa = XCBuildConfiguration;
			buildSettings = {
				ASSETCATALOG_COMPILER_APPICON_NAME = AppIcon;
				ASSETCATALOG_COMPILER_GLOBAL_ACCENT_COLOR_NAME = AccentColor;
				CODE_SIGN_STYLE = Automatic;
				CURRENT_PROJECT_VERSION = 1;
				DEVELOPMENT_ASSET_PATHS = "\"OuluBankR1/Preview Content\"";
				DEVELOPMENT_TEAM = 56F54J4H3N;
				ENABLE_PREVIEWS = YES;
				GENERATE_INFOPLIST_FILE = YES;
				INFOPLIST_KEY_CFBundleDisplayName = BankMe;
				INFOPLIST_KEY_UIApplicationSceneManifest_Generation = YES;
				INFOPLIST_KEY_UIApplicationSupportsIndirectInputEvents = YES;
				INFOPLIST_KEY_UILaunchScreen_Generation = YES;
				INFOPLIST_KEY_UISupportedInterfaceOrientations_iPad = "UIInterfaceOrientationPortrait UIInterfaceOrientationPortraitUpsideDown UIInterfaceOrientationLandscapeLeft UIInterfaceOrientationLandscapeRight";
				INFOPLIST_KEY_UISupportedInterfaceOrientations_iPhone = "UIInterfaceOrientationPortrait UIInterfaceOrientationLandscapeLeft UIInterfaceOrientationLandscapeRight";
				LD_RUNPATH_SEARCH_PATHS = (
					"$(inherited)",
					"@executable_path/Frameworks",
				);
				MARKETING_VERSION = 1.0;
				PRODUCT_BUNDLE_IDENTIFIER = com.mss.BankMe;
				PRODUCT_NAME = "$(TARGET_NAME)";
				SWIFT_EMIT_LOC_STRINGS = YES;
				SWIFT_VERSION = 5.0;
				TARGETED_DEVICE_FAMILY = "1,2";
			};
			name = Release;
		};
		8DDA7EE62D5E7A6400C57DD6 /* Debug */ = {
			isa = XCBuildConfiguration;
			buildSettings = {
				BUNDLE_LOADER = "$(TEST_HOST)";
				CODE_SIGN_STYLE = Automatic;
				CURRENT_PROJECT_VERSION = 1;
				DEVELOPMENT_TEAM = B2Q8EGNCQA;
				GENERATE_INFOPLIST_FILE = YES;
				MARKETING_VERSION = 1.0;
				PRODUCT_BUNDLE_IDENTIFIER = com.azamsharp.OuluBankR1Tests;
				PRODUCT_NAME = "$(TARGET_NAME)";
				SWIFT_EMIT_LOC_STRINGS = NO;
				SWIFT_VERSION = 5.0;
				TARGETED_DEVICE_FAMILY = "1,2";
				TEST_HOST = "$(BUILT_PRODUCTS_DIR)/OuluBankR1.app/$(BUNDLE_EXECUTABLE_FOLDER_PATH)/OuluBankR1";
			};
			name = Debug;
		};
		8DDA7EE72D5E7A6400C57DD6 /* Release */ = {
			isa = XCBuildConfiguration;
			buildSettings = {
				BUNDLE_LOADER = "$(TEST_HOST)";
				CODE_SIGN_STYLE = Automatic;
				CURRENT_PROJECT_VERSION = 1;
				DEVELOPMENT_TEAM = B2Q8EGNCQA;
				GENERATE_INFOPLIST_FILE = YES;
				MARKETING_VERSION = 1.0;
				PRODUCT_BUNDLE_IDENTIFIER = com.azamsharp.OuluBankR1Tests;
				PRODUCT_NAME = "$(TARGET_NAME)";
				SWIFT_EMIT_LOC_STRINGS = NO;
				SWIFT_VERSION = 5.0;
				TARGETED_DEVICE_FAMILY = "1,2";
				TEST_HOST = "$(BUILT_PRODUCTS_DIR)/OuluBankR1.app/$(BUNDLE_EXECUTABLE_FOLDER_PATH)/OuluBankR1";
			};
			name = Release;
		};
/* End XCBuildConfiguration section */

/* Begin XCConfigurationList section */
		8D5051B02D6168AC00CB3AA4 /* Build configuration list for PBXNativeTarget "OuluBankR1UITests" */ = {
			isa = XCConfigurationList;
			buildConfigurations = (
				8D5051B12D6168AC00CB3AA4 /* Debug */,
				8D5051B22D6168AC00CB3AA4 /* Release */,
			);
			defaultConfigurationIsVisible = 0;
			defaultConfigurationName = Release;
		};
		8DDA7EC52D5E7A3E00C57DD6 /* Build configuration list for PBXProject "OuluBankR1" */ = {
			isa = XCConfigurationList;
			buildConfigurations = (
				8DDA7ED62D5E7A4000C57DD6 /* Debug */,
				8DDA7ED72D5E7A4000C57DD6 /* Release */,
			);
			defaultConfigurationIsVisible = 0;
			defaultConfigurationName = Release;
		};
		8DDA7ED82D5E7A4000C57DD6 /* Build configuration list for PBXNativeTarget "OuluBankR1" */ = {
			isa = XCConfigurationList;
			buildConfigurations = (
				8DDA7ED92D5E7A4000C57DD6 /* Debug */,
				8DDA7EDA2D5E7A4000C57DD6 /* Release */,
			);
			defaultConfigurationIsVisible = 0;
			defaultConfigurationName = Release;
		};
		8DDA7EE52D5E7A6400C57DD6 /* Build configuration list for PBXNativeTarget "OuluBankR1Tests" */ = {
			isa = XCConfigurationList;
			buildConfigurations = (
				8DDA7EE62D5E7A6400C57DD6 /* Debug */,
				8DDA7EE72D5E7A6400C57DD6 /* Release */,
			);
			defaultConfigurationIsVisible = 0;
			defaultConfigurationName = Release;
		};
/* End XCConfigurationList section */
	};
	rootObject = 8DDA7EC22D5E7A3E00C57DD6 /* Project object */;
}
